Microsoft Visual Studio Solution File, Format Version 12.00
# Visual Studio Version 17
VisualStudioVersion = 17.5.2.0
MinimumVisualStudioVersion = 10.0.40219.1
Project("{2150E333-8FDC-42A3-9474-1A3956D46DE8}") = "Source", "Source", "{B8EFCA5F-814F-285C-A8CB-F00F14650265}"
EndProject
Project("{FAE04EC0-301F-11D3-BF4B-00C04F79EFBC}") = "Explicity", "Source\Explicity.csproj", "{91FDDD57-1F49-4EE5-C93A-8F8043337E68}"
EndProject
Global
	GlobalSection(SolutionConfigurationPlatforms) = preSolution
		Debug|Any CPU = Debug|Any CPU
		Release|Any CPU = Release|Any CPU
	EndGlobalSection
	GlobalSection(ProjectConfigurationPlatforms) = postSolution
		{91FDDD57-1F49-4EE5-C93A-8F8043337E68}.Debug|Any CPU.ActiveCfg = Debug|Any CPU
		{91FDDD57-1F49-4EE5-C93A-8F8043337E68}.Debug|Any CPU.Build.0 = Debug|Any CPU
		{91FDDD57-1F49-4EE5-C93A-8F8043337E68}.Release|Any CPU.ActiveCfg = Release|Any CPU
		{91FDDD57-1F49-4EE5-C93A-8F8043337E68}.Release|Any CPU.Build.0 = Release|Any CPU
	EndGlobalSection
	GlobalSection(SolutionProperties) = preSolution
		HideSolutionNode = FALSE
	EndGlobalSection
	GlobalSection(NestedProjects) = preSolution
		{91FDDD57-1F49-4EE5-C93A-8F8043337E68} = {B8EFCA5F-814F-285C-A8CB-F00F14650265}
	EndGlobalSection
	GlobalSection(ExtensibilityGlobals) = postSolution
		SolutionGuid = {7135EBCF-05E1-4E5E-A64F-229E59A480D3}
	EndGlobalSection
EndGlobal
